
Microsoft Visual Studio Solution File, Format Version 12.00
# Visual Studio Version 17
VisualStudioVersion = 17.3.32901.215
MinimumVisualStudioVersion = 10.0.40219.1
Project("{FAE04EC0-301F-11D3-BF4B-00C04F79EFBC}") = "GEI797Labo", "GEI797Labo\GEI797Labo.csproj", "{A7496F56-2541-4952-9226-799D06D900F5}"
EndProject
Project("{FAE04EC0-301F-11D3-BF4B-00C04F79EFBC}") = "GEI797Labo_Test", "GEI797Labo_Test\GEI797Labo_Test.csproj", "{669FDD9E-E278-42DE-AEE0-6C3831CCB9A9}"
EndProject
Global
	GlobalSection(SolutionConfigurationPlatforms) = preSolution
		Debug|Any CPU = Debug|Any CPU
		Release|Any CPU = Release|Any CPU
	EndGlobalSection
	GlobalSection(ProjectConfigurationPlatforms) = postSolution
		{A7496F56-2541-4952-9226-799D06D900F5}.Debug|Any CPU.ActiveCfg = Debug|Any CPU
		{A7496F56-2541-4952-9226-799D06D900F5}.Debug|Any CPU.Build.0 = Debug|Any CPU
		{A7496F56-2541-4952-9226-799D06D900F5}.Release|Any CPU.ActiveCfg = Release|Any CPU
		{A7496F56-2541-4952-9226-799D06D900F5}.Release|Any CPU.Build.0 = Release|Any CPU
		{669FDD9E-E278-42DE-AEE0-6C3831CCB9A9}.Debug|Any CPU.ActiveCfg = Debug|Any CPU
		{669FDD9E-E278-42DE-AEE0-6C3831CCB9A9}.Debug|Any CPU.Build.0 = Debug|Any CPU
		{669FDD9E-E278-42DE-AEE0-6C3831CCB9A9}.Release|Any CPU.ActiveCfg = Release|Any CPU
		{669FDD9E-E278-42DE-AEE0-6C3831CCB9A9}.Release|Any CPU.Build.0 = Release|Any CPU
	EndGlobalSection
	GlobalSection(SolutionProperties) = preSolution
		HideSolutionNode = FALSE
	EndGlobalSection
	GlobalSection(ExtensibilityGlobals) = postSolution
		SolutionGuid = {921BBD6D-30BA-4ED4-89C2-2AC05FC048E6}
	EndGlobalSection
EndGlobal
