
Microsoft Visual Studio Solution File, Format Version 12.00
# Visual Studio Version 17
VisualStudioVersion = 17.3.32825.248
MinimumVisualStudioVersion = 10.0.40219.1
Project("{FAE04EC0-301F-11D3-BF4B-00C04F79EFBC}") = "Explorus", "Explorus.csproj", "{874D37D5-53C7-4430-8AA7-A4A301CCD469}"
EndProject
Project("{FAE04EC0-301F-11D3-BF4B-00C04F79EFBC}") = "ExplorusTests", "..\UnitTestProject2\ExplorusTests.csproj", "{6A8FF787-5246-4917-BE0E-CAC06A3CF5EC}"
EndProject
Project("{FAE04EC0-301F-11D3-BF4B-00C04F79EFBC}") = "ExplorusTests3", "..\ExplorusTests3\ExplorusTests3.csproj", "{CFC39ADE-3227-434F-8855-4EC07EF77E46}"
EndProject
Global
	GlobalSection(SolutionConfigurationPlatforms) = preSolution
		Debug|Any CPU = Debug|Any CPU
		Release|Any CPU = Release|Any CPU
	EndGlobalSection
	GlobalSection(ProjectConfigurationPlatforms) = postSolution
		{874D37D5-53C7-4430-8AA7-A4A301CCD469}.Debug|Any CPU.ActiveCfg = Debug|Any CPU
		{874D37D5-53C7-4430-8AA7-A4A301CCD469}.Debug|Any CPU.Build.0 = Debug|Any CPU
		{874D37D5-53C7-4430-8AA7-A4A301CCD469}.Release|Any CPU.ActiveCfg = Release|Any CPU
		{874D37D5-53C7-4430-8AA7-A4A301CCD469}.Release|Any CPU.Build.0 = Release|Any CPU
		{6A8FF787-5246-4917-BE0E-CAC06A3CF5EC}.Debug|Any CPU.ActiveCfg = Debug|Any CPU
		{6A8FF787-5246-4917-BE0E-CAC06A3CF5EC}.Debug|Any CPU.Build.0 = Debug|Any CPU
		{6A8FF787-5246-4917-BE0E-CAC06A3CF5EC}.Release|Any CPU.ActiveCfg = Release|Any CPU
		{6A8FF787-5246-4917-BE0E-CAC06A3CF5EC}.Release|Any CPU.Build.0 = Release|Any CPU
		{CFC39ADE-3227-434F-8855-4EC07EF77E46}.Debug|Any CPU.ActiveCfg = Debug|Any CPU
		{CFC39ADE-3227-434F-8855-4EC07EF77E46}.Debug|Any CPU.Build.0 = Debug|Any CPU
		{CFC39ADE-3227-434F-8855-4EC07EF77E46}.Release|Any CPU.ActiveCfg = Release|Any CPU
		{CFC39ADE-3227-434F-8855-4EC07EF77E46}.Release|Any CPU.Build.0 = Release|Any CPU
	EndGlobalSection
	GlobalSection(SolutionProperties) = preSolution
		HideSolutionNode = FALSE
	EndGlobalSection
	GlobalSection(ExtensibilityGlobals) = postSolution
		SolutionGuid = {1060D5F2-4245-4230-B131-92828F324CB0}
	EndGlobalSection
EndGlobal
